// !$*UTF8*$!
{
	archiveVersion = 1;
	classes = {
	};
	objectVersion = 46;
	objects = {

/* Begin PBXBuildFile section */
		39128C941D6C352900C3BEA2 /* UIImage.swift in Sources */ = {isa = PBXBuildFile; fileRef = 39128C8F1D6C352900C3BEA2 /* UIImage.swift */; };
		39128C951D6C352900C3BEA2 /* Background.swift in Sources */ = {isa = PBXBuildFile; fileRef = 39128C901D6C352900C3BEA2 /* Background.swift */; };
		39128C961D6C352900C3BEA2 /* UIView.swift in Sources */ = {isa = PBXBuildFile; fileRef = 39128C911D6C352900C3BEA2 /* UIView.swift */; };
		39128C971D6C352900C3BEA2 /* NavigationBar.swift in Sources */ = {isa = PBXBuildFile; fileRef = 39128C921D6C352900C3BEA2 /* NavigationBar.swift */; };
		39128C981D6C352900C3BEA2 /* ViewController.swift in Sources */ = {isa = PBXBuildFile; fileRef = 39128C931D6C352900C3BEA2 /* ViewController.swift */; };
		39128CA31D6C357E00C3BEA2 /* ChatPreviewDocVC.swift in Sources */ = {isa = PBXBuildFile; fileRef = 39128C991D6C357E00C3BEA2 /* ChatPreviewDocVC.swift */; };
		39128CA41D6C357E00C3BEA2 /* ChatCellMedia.xib in Resources */ = {isa = PBXBuildFile; fileRef = 39128C9A1D6C357E00C3BEA2 /* ChatCellMedia.xib */; };
		39128CA51D6C357E00C3BEA2 /* ChatTapRecognizer.swift in Sources */ = {isa = PBXBuildFile; fileRef = 39128C9B1D6C357E00C3BEA2 /* ChatTapRecognizer.swift */; };
		39128CA61D6C357E00C3BEA2 /* ChatInputText.swift in Sources */ = {isa = PBXBuildFile; fileRef = 39128C9C1D6C357E00C3BEA2 /* ChatInputText.swift */; };
		39128CA71D6C357E00C3BEA2 /* ChatFileButton.swift in Sources */ = {isa = PBXBuildFile; fileRef = 39128C9D1D6C357E00C3BEA2 /* ChatFileButton.swift */; };
		39128CA81D6C357E00C3BEA2 /* ChatCellMedia.swift in Sources */ = {isa = PBXBuildFile; fileRef = 39128C9E1D6C357E00C3BEA2 /* ChatCellMedia.swift */; };
		39128CAA1D6C357E00C3BEA2 /* ChatCellDocs.swift in Sources */ = {isa = PBXBuildFile; fileRef = 39128CA01D6C357E00C3BEA2 /* ChatCellDocs.swift */; };
		39128CAC1D6C357E00C3BEA2 /* ChatCellDocs.xib in Resources */ = {isa = PBXBuildFile; fileRef = 39128CA21D6C357E00C3BEA2 /* ChatCellDocs.xib */; };
		39128CAE1D6C359A00C3BEA2 /* QiscusAlert.swift in Sources */ = {isa = PBXBuildFile; fileRef = 39128CAD1D6C359A00C3BEA2 /* QiscusAlert.swift */; };
		391B05C61D3D19D200763760 /* QiscusFileHelper.swift in Sources */ = {isa = PBXBuildFile; fileRef = 391B05C51D3D19D200763760 /* QiscusFileHelper.swift */; };
		392015A01D425148005561C2 /* QiscusHelper.swift in Sources */ = {isa = PBXBuildFile; fileRef = 3920159F1D425148005561C2 /* QiscusHelper.swift */; };
		392A525C1D7FA0910007300D /* QiscusColorConfiguration.swift in Sources */ = {isa = PBXBuildFile; fileRef = 392A525B1D7FA0910007300D /* QiscusColorConfiguration.swift */; };
		392A525E1D7FA1700007300D /* QiscusTextConfiguration.swift in Sources */ = {isa = PBXBuildFile; fileRef = 392A525D1D7FA1700007300D /* QiscusTextConfiguration.swift */; };
		392A52601D80E4660007300D /* QiscusMe.swift in Sources */ = {isa = PBXBuildFile; fileRef = 392A525F1D80E4660007300D /* QiscusMe.swift */; };
		392A52621D80EF1D0007300D /* QiscusConfigDelegate.swift in Sources */ = {isa = PBXBuildFile; fileRef = 392A52611D80EF1D0007300D /* QiscusConfigDelegate.swift */; };
		392C693D1DC6F4A20095603E /* QPopUpView.swift in Sources */ = {isa = PBXBuildFile; fileRef = 392C693B1DC6F4A20095603E /* QPopUpView.swift */; };
		392C693E1DC6F4A20095603E /* QPopUpView.xib in Resources */ = {isa = PBXBuildFile; fileRef = 392C693C1DC6F4A20095603E /* QPopUpView.xib */; };
		395E08111D43A9200021370F /* QiscusPusherClient.swift in Sources */ = {isa = PBXBuildFile; fileRef = 395E08101D43A9200021370F /* QiscusPusherClient.swift */; };
		395E08131D43B8850021370F /* QiscusRoomDelegate.swift in Sources */ = {isa = PBXBuildFile; fileRef = 395E08121D43B8850021370F /* QiscusRoomDelegate.swift */; };
		397026CA1D7BD91A003D5572 /* ChatCellText.swift in Sources */ = {isa = PBXBuildFile; fileRef = 397026C81D7BD91A003D5572 /* ChatCellText.swift */; };
		397026CB1D7BD91A003D5572 /* ChatCellText.xib in Resources */ = {isa = PBXBuildFile; fileRef = 397026C91D7BD91A003D5572 /* ChatCellText.xib */; };
		398511F31D69549200C48EFF /* QiscusChatCellDelegate.swift in Sources */ = {isa = PBXBuildFile; fileRef = 398511F21D69549200C48EFF /* QiscusChatCellDelegate.swift */; };
		399418F71D73FCF900BF1B46 /* QiscusImagePreview.swift in Sources */ = {isa = PBXBuildFile; fileRef = 399418F51D73FCF900BF1B46 /* QiscusImagePreview.swift */; };
		399418F81D73FCF900BF1B46 /* QiscusImagePreview.xib in Resources */ = {isa = PBXBuildFile; fileRef = 399418F61D73FCF900BF1B46 /* QiscusImagePreview.xib */; };
		39955B6D1D656D1700927ADD /* Media.xcassets in Resources */ = {isa = PBXBuildFile; fileRef = 39955B6C1D656D1700927ADD /* Media.xcassets */; };
		39955B741D656F0A00927ADD /* QiscusChatVC.swift in Sources */ = {isa = PBXBuildFile; fileRef = 39955B721D656F0A00927ADD /* QiscusChatVC.swift */; };
		39955B751D656F0A00927ADD /* QiscusChatVC.xib in Resources */ = {isa = PBXBuildFile; fileRef = 39955B731D656F0A00927ADD /* QiscusChatVC.xib */; };
		39955B7F1D65992200927ADD /* QiscusUIConfiguration.swift in Sources */ = {isa = PBXBuildFile; fileRef = 39955B7E1D65992200927ADD /* QiscusUIConfiguration.swift */; };
		39AABC8B1DFA9B8E00FD3BCD /* QiscusGalleryItem.swift in Sources */ = {isa = PBXBuildFile; fileRef = 39AABC8A1DFA9B8E00FD3BCD /* QiscusGalleryItem.swift */; };
		39E195EA1DBDE3F4000DDF76 /* QReachability.swift in Sources */ = {isa = PBXBuildFile; fileRef = 39E195E91DBDE3F4000DDF76 /* QReachability.swift */; };
		39E195EC1DBDE4A8000DDF76 /* QiscusAsyncImageView.swift in Sources */ = {isa = PBXBuildFile; fileRef = 39E195EB1DBDE4A8000DDF76 /* QiscusAsyncImageView.swift */; };
		39E195F01DBDE9CC000DDF76 /* QToasterConfig.swift in Sources */ = {isa = PBXBuildFile; fileRef = 39E195ED1DBDE9CC000DDF76 /* QToasterConfig.swift */; };
		39E195F11DBDE9CC000DDF76 /* QToasterSwift.swift in Sources */ = {isa = PBXBuildFile; fileRef = 39E195EE1DBDE9CC000DDF76 /* QToasterSwift.swift */; };
		39E195F21DBDE9CC000DDF76 /* QToasterView.swift in Sources */ = {isa = PBXBuildFile; fileRef = 39E195EF1DBDE9CC000DDF76 /* QToasterView.swift */; };
		39F1F6AD1D3B90E200FF1C8C /* AppDelegate.swift in Sources */ = {isa = PBXBuildFile; fileRef = 39F1F6AC1D3B90E200FF1C8C /* AppDelegate.swift */; };
		39F1F6AF1D3B90E200FF1C8C /* ViewController.swift in Sources */ = {isa = PBXBuildFile; fileRef = 39F1F6AE1D3B90E200FF1C8C /* ViewController.swift */; };
		39F1F6B21D3B90E200FF1C8C /* Main.storyboard in Resources */ = {isa = PBXBuildFile; fileRef = 39F1F6B01D3B90E200FF1C8C /* Main.storyboard */; };
		39F1F6B71D3B90E200FF1C8C /* Assets.xcassets in Resources */ = {isa = PBXBuildFile; fileRef = 39F1F6B61D3B90E200FF1C8C /* Assets.xcassets */; };
		39F1F6BA1D3B90E200FF1C8C /* LaunchScreen.storyboard in Resources */ = {isa = PBXBuildFile; fileRef = 39F1F6B81D3B90E200FF1C8C /* LaunchScreen.storyboard */; };
		39F1F7241D3B91E200FF1C8C /* Qiscus.framework in Frameworks */ = {isa = PBXBuildFile; fileRef = 39F1F70F1D3B91E200FF1C8C /* Qiscus.framework */; };
		39F1F7251D3B91E200FF1C8C /* Qiscus.framework in Embed Frameworks */ = {isa = PBXBuildFile; fileRef = 39F1F70F1D3B91E200FF1C8C /* Qiscus.framework */; settings = {ATTRIBUTES = (CodeSignOnCopy, RemoveHeadersOnCopy, ); }; };
		39F1F7361D3B92E800FF1C8C /* QiscusComment.swift in Sources */ = {isa = PBXBuildFile; fileRef = 39F1F7301D3B92E800FF1C8C /* QiscusComment.swift */; };
		39F1F7371D3B92E800FF1C8C /* QiscusFile.swift in Sources */ = {isa = PBXBuildFile; fileRef = 39F1F7311D3B92E800FF1C8C /* QiscusFile.swift */; };
		39F1F7381D3B92E800FF1C8C /* QiscusRoom.swift in Sources */ = {isa = PBXBuildFile; fileRef = 39F1F7321D3B92E800FF1C8C /* QiscusRoom.swift */; };
		39F1F7391D3B92E800FF1C8C /* QiscusParticipant.swift in Sources */ = {isa = PBXBuildFile; fileRef = 39F1F7331D3B92E800FF1C8C /* QiscusParticipant.swift */; };
		39F1F73A1D3B92E800FF1C8C /* QiscusTopic.swift in Sources */ = {isa = PBXBuildFile; fileRef = 39F1F7341D3B92E800FF1C8C /* QiscusTopic.swift */; };
		39F1F73B1D3B92E800FF1C8C /* QiscusUser.swift in Sources */ = {isa = PBXBuildFile; fileRef = 39F1F7351D3B92E800FF1C8C /* QiscusUser.swift */; };
		39F1F73E1D3B92F700FF1C8C /* QiscusConfig.swift in Sources */ = {isa = PBXBuildFile; fileRef = 39F1F73C1D3B92F700FF1C8C /* QiscusConfig.swift */; };
		39F1F7411D3B930700FF1C8C /* QiscusCommentClient.swift in Sources */ = {isa = PBXBuildFile; fileRef = 39F1F7401D3B930700FF1C8C /* QiscusCommentClient.swift */; };
		39F1F7451D3B931E00FF1C8C /* QPostData.swift in Sources */ = {isa = PBXBuildFile; fileRef = 39F1F7421D3B931E00FF1C8C /* QPostData.swift */; };
		39F1F7461D3B931E00FF1C8C /* QProgressData.swift in Sources */ = {isa = PBXBuildFile; fileRef = 39F1F7431D3B931E00FF1C8C /* QProgressData.swift */; };
		39F1F7471D3B931E00FF1C8C /* QSyncNotifData.swift in Sources */ = {isa = PBXBuildFile; fileRef = 39F1F7441D3B931E00FF1C8C /* QSyncNotifData.swift */; };
		39F1F7491D3B932A00FF1C8C /* Qiscus.swift in Sources */ = {isa = PBXBuildFile; fileRef = 39F1F7481D3B932A00FF1C8C /* Qiscus.swift */; };
		39F1F74E1D3C7B6600FF1C8C /* QCommentDelegate.swift in Sources */ = {isa = PBXBuildFile; fileRef = 39F1F74D1D3C7B6600FF1C8C /* QCommentDelegate.swift */; };
		39F1F7631D3CB12800FF1C8C /* Qiscus.swift in Headers */ = {isa = PBXBuildFile; fileRef = 39F1F7481D3B932A00FF1C8C /* Qiscus.swift */; settings = {ATTRIBUTES = (Public, ); }; };
		39F1F7641D3CB12800FF1C8C /* QCommentDelegate.swift in Headers */ = {isa = PBXBuildFile; fileRef = 39F1F74D1D3C7B6600FF1C8C /* QCommentDelegate.swift */; settings = {ATTRIBUTES = (Public, ); }; };
		39F1F7651D3CB12800FF1C8C /* QiscusComment.swift in Headers */ = {isa = PBXBuildFile; fileRef = 39F1F7301D3B92E800FF1C8C /* QiscusComment.swift */; settings = {ATTRIBUTES = (Public, ); }; };
		39F1F7661D3CB12800FF1C8C /* QiscusFile.swift in Headers */ = {isa = PBXBuildFile; fileRef = 39F1F7311D3B92E800FF1C8C /* QiscusFile.swift */; settings = {ATTRIBUTES = (Public, ); }; };
		39F1F7671D3CB12800FF1C8C /* QiscusRoom.swift in Headers */ = {isa = PBXBuildFile; fileRef = 39F1F7321D3B92E800FF1C8C /* QiscusRoom.swift */; settings = {ATTRIBUTES = (Public, ); }; };
		39F1F7681D3CB12800FF1C8C /* QiscusParticipant.swift in Headers */ = {isa = PBXBuildFile; fileRef = 39F1F7331D3B92E800FF1C8C /* QiscusParticipant.swift */; settings = {ATTRIBUTES = (Public, ); }; };
		39F1F7691D3CB12800FF1C8C /* QiscusTopic.swift in Headers */ = {isa = PBXBuildFile; fileRef = 39F1F7341D3B92E800FF1C8C /* QiscusTopic.swift */; settings = {ATTRIBUTES = (Public, ); }; };
		39F1F76A1D3CB12800FF1C8C /* QiscusUser.swift in Headers */ = {isa = PBXBuildFile; fileRef = 39F1F7351D3B92E800FF1C8C /* QiscusUser.swift */; settings = {ATTRIBUTES = (Public, ); }; };
		39F1F76B1D3CB12800FF1C8C /* QiscusConfig.swift in Headers */ = {isa = PBXBuildFile; fileRef = 39F1F73C1D3B92F700FF1C8C /* QiscusConfig.swift */; settings = {ATTRIBUTES = (Public, ); }; };
		39F1F76C1D3CB12800FF1C8C /* QPostData.swift in Headers */ = {isa = PBXBuildFile; fileRef = 39F1F7421D3B931E00FF1C8C /* QPostData.swift */; settings = {ATTRIBUTES = (Public, ); }; };
		39F1F76D1D3CB12800FF1C8C /* QProgressData.swift in Headers */ = {isa = PBXBuildFile; fileRef = 39F1F7431D3B931E00FF1C8C /* QProgressData.swift */; settings = {ATTRIBUTES = (Public, ); }; };
		39F1F76E1D3CB12800FF1C8C /* QSyncNotifData.swift in Headers */ = {isa = PBXBuildFile; fileRef = 39F1F7441D3B931E00FF1C8C /* QSyncNotifData.swift */; settings = {ATTRIBUTES = (Public, ); }; };
		39F1F76F1D3CB12800FF1C8C /* QiscusCommentClient.swift in Headers */ = {isa = PBXBuildFile; fileRef = 39F1F7401D3B930700FF1C8C /* QiscusCommentClient.swift */; settings = {ATTRIBUTES = (Public, ); }; };
		B0846505F0ABD97C0375C737 /* Pods_Example.framework in Frameworks */ = {isa = PBXBuildFile; fileRef = 88710D4C9FAFADF156A657F4 /* Pods_Example.framework */; };
		DCD523BA4F0FADE6223F44A5 /* Pods_Qiscus.framework in Frameworks */ = {isa = PBXBuildFile; fileRef = A4527A84D23FDA5B8B32B9C1 /* Pods_Qiscus.framework */; };
/* End PBXBuildFile section */

/* Begin PBXContainerItemProxy section */
		39F1F7221D3B91E200FF1C8C /* PBXContainerItemProxy */ = {
			isa = PBXContainerItemProxy;
			containerPortal = 39F1F6A11D3B90E200FF1C8C /* Project object */;
			proxyType = 1;
			remoteGlobalIDString = 39F1F70E1D3B91E200FF1C8C;
			remoteInfo = Qiscus;
		};
/* End PBXContainerItemProxy section */

/* Begin PBXCopyFilesBuildPhase section */
		39F1F7291D3B91E200FF1C8C /* Embed Frameworks */ = {
			isa = PBXCopyFilesBuildPhase;
			buildActionMask = 2147483647;
			dstPath = "";
			dstSubfolderSpec = 10;
			files = (
				39F1F7251D3B91E200FF1C8C /* Qiscus.framework in Embed Frameworks */,
			);
			name = "Embed Frameworks";
			runOnlyForDeploymentPostprocessing = 0;
		};
/* End PBXCopyFilesBuildPhase section */

/* Begin PBXFileReference section */
		39128C8F1D6C352900C3BEA2 /* UIImage.swift */ = {isa = PBXFileReference; fileEncoding = 4; lastKnownFileType = sourcecode.swift; name = UIImage.swift; path = Qiscus/UIImage.swift; sourceTree = "<group>"; };
		39128C901D6C352900C3BEA2 /* Background.swift */ = {isa = PBXFileReference; fileEncoding = 4; lastKnownFileType = sourcecode.swift; name = Background.swift; path = Qiscus/Background.swift; sourceTree = "<group>"; };
		39128C911D6C352900C3BEA2 /* UIView.swift */ = {isa = PBXFileReference; fileEncoding = 4; lastKnownFileType = sourcecode.swift; name = UIView.swift; path = Qiscus/UIView.swift; sourceTree = "<group>"; };
		39128C921D6C352900C3BEA2 /* NavigationBar.swift */ = {isa = PBXFileReference; fileEncoding = 4; lastKnownFileType = sourcecode.swift; name = NavigationBar.swift; path = Qiscus/NavigationBar.swift; sourceTree = "<group>"; };
		39128C931D6C352900C3BEA2 /* ViewController.swift */ = {isa = PBXFileReference; fileEncoding = 4; lastKnownFileType = sourcecode.swift; name = ViewController.swift; path = Qiscus/ViewController.swift; sourceTree = "<group>"; };
		39128C991D6C357E00C3BEA2 /* ChatPreviewDocVC.swift */ = {isa = PBXFileReference; fileEncoding = 4; lastKnownFileType = sourcecode.swift; name = ChatPreviewDocVC.swift; path = Qiscus/ChatPreviewDocVC.swift; sourceTree = "<group>"; };
		39128C9A1D6C357E00C3BEA2 /* ChatCellMedia.xib */ = {isa = PBXFileReference; fileEncoding = 4; lastKnownFileType = file.xib; name = ChatCellMedia.xib; path = Qiscus/ChatCellMedia.xib; sourceTree = "<group>"; };
		39128C9B1D6C357E00C3BEA2 /* ChatTapRecognizer.swift */ = {isa = PBXFileReference; fileEncoding = 4; lastKnownFileType = sourcecode.swift; name = ChatTapRecognizer.swift; path = Qiscus/ChatTapRecognizer.swift; sourceTree = "<group>"; };
		39128C9C1D6C357E00C3BEA2 /* ChatInputText.swift */ = {isa = PBXFileReference; fileEncoding = 4; lastKnownFileType = sourcecode.swift; name = ChatInputText.swift; path = Qiscus/ChatInputText.swift; sourceTree = "<group>"; };
		39128C9D1D6C357E00C3BEA2 /* ChatFileButton.swift */ = {isa = PBXFileReference; fileEncoding = 4; lastKnownFileType = sourcecode.swift; name = ChatFileButton.swift; path = Qiscus/ChatFileButton.swift; sourceTree = "<group>"; };
		39128C9E1D6C357E00C3BEA2 /* ChatCellMedia.swift */ = {isa = PBXFileReference; fileEncoding = 4; lastKnownFileType = sourcecode.swift; name = ChatCellMedia.swift; path = Qiscus/ChatCellMedia.swift; sourceTree = "<group>"; };
		39128CA01D6C357E00C3BEA2 /* ChatCellDocs.swift */ = {isa = PBXFileReference; fileEncoding = 4; lastKnownFileType = sourcecode.swift; name = ChatCellDocs.swift; path = Qiscus/ChatCellDocs.swift; sourceTree = "<group>"; };
		39128CA21D6C357E00C3BEA2 /* ChatCellDocs.xib */ = {isa = PBXFileReference; fileEncoding = 4; lastKnownFileType = file.xib; name = ChatCellDocs.xib; path = Qiscus/ChatCellDocs.xib; sourceTree = "<group>"; };
		39128CAD1D6C359A00C3BEA2 /* QiscusAlert.swift */ = {isa = PBXFileReference; fileEncoding = 4; lastKnownFileType = sourcecode.swift; name = QiscusAlert.swift; path = Qiscus/QiscusAlert.swift; sourceTree = "<group>"; };
		391B05C51D3D19D200763760 /* QiscusFileHelper.swift */ = {isa = PBXFileReference; fileEncoding = 4; lastKnownFileType = sourcecode.swift; name = QiscusFileHelper.swift; path = Qiscus/QiscusFileHelper.swift; sourceTree = "<group>"; };
		3920159F1D425148005561C2 /* QiscusHelper.swift */ = {isa = PBXFileReference; fileEncoding = 4; lastKnownFileType = sourcecode.swift; name = QiscusHelper.swift; path = Qiscus/QiscusHelper.swift; sourceTree = "<group>"; };
		392A525B1D7FA0910007300D /* QiscusColorConfiguration.swift */ = {isa = PBXFileReference; fileEncoding = 4; lastKnownFileType = sourcecode.swift; name = QiscusColorConfiguration.swift; path = Qiscus/QiscusColorConfiguration.swift; sourceTree = "<group>"; };
		392A525D1D7FA1700007300D /* QiscusTextConfiguration.swift */ = {isa = PBXFileReference; fileEncoding = 4; lastKnownFileType = sourcecode.swift; name = QiscusTextConfiguration.swift; path = Qiscus/QiscusTextConfiguration.swift; sourceTree = "<group>"; };
		392A525F1D80E4660007300D /* QiscusMe.swift */ = {isa = PBXFileReference; fileEncoding = 4; lastKnownFileType = sourcecode.swift; name = QiscusMe.swift; path = Qiscus/QiscusMe.swift; sourceTree = "<group>"; };
		392A52611D80EF1D0007300D /* QiscusConfigDelegate.swift */ = {isa = PBXFileReference; fileEncoding = 4; lastKnownFileType = sourcecode.swift; name = QiscusConfigDelegate.swift; path = Qiscus/QiscusConfigDelegate.swift; sourceTree = "<group>"; };
		392C693B1DC6F4A20095603E /* QPopUpView.swift */ = {isa = PBXFileReference; fileEncoding = 4; lastKnownFileType = sourcecode.swift; name = QPopUpView.swift; path = Qiscus/QPopUpView.swift; sourceTree = "<group>"; };
		392C693C1DC6F4A20095603E /* QPopUpView.xib */ = {isa = PBXFileReference; fileEncoding = 4; lastKnownFileType = file.xib; name = QPopUpView.xib; path = Qiscus/QPopUpView.xib; sourceTree = "<group>"; };
		395E08101D43A9200021370F /* QiscusPusherClient.swift */ = {isa = PBXFileReference; fileEncoding = 4; lastKnownFileType = sourcecode.swift; name = QiscusPusherClient.swift; path = Qiscus/QiscusPusherClient.swift; sourceTree = "<group>"; };
		395E08121D43B8850021370F /* QiscusRoomDelegate.swift */ = {isa = PBXFileReference; fileEncoding = 4; lastKnownFileType = sourcecode.swift; name = QiscusRoomDelegate.swift; path = Qiscus/QiscusRoomDelegate.swift; sourceTree = "<group>"; };
		397026C81D7BD91A003D5572 /* ChatCellText.swift */ = {isa = PBXFileReference; fileEncoding = 4; lastKnownFileType = sourcecode.swift; name = ChatCellText.swift; path = Qiscus/ChatCellText.swift; sourceTree = "<group>"; };
		397026C91D7BD91A003D5572 /* ChatCellText.xib */ = {isa = PBXFileReference; fileEncoding = 4; lastKnownFileType = file.xib; name = ChatCellText.xib; path = Qiscus/ChatCellText.xib; sourceTree = "<group>"; };
		398511F21D69549200C48EFF /* QiscusChatCellDelegate.swift */ = {isa = PBXFileReference; fileEncoding = 4; lastKnownFileType = sourcecode.swift; name = QiscusChatCellDelegate.swift; path = Qiscus/QiscusChatCellDelegate.swift; sourceTree = "<group>"; };
		399418F51D73FCF900BF1B46 /* QiscusImagePreview.swift */ = {isa = PBXFileReference; fileEncoding = 4; lastKnownFileType = sourcecode.swift; name = QiscusImagePreview.swift; path = Qiscus/QiscusImagePreview.swift; sourceTree = "<group>"; };
		399418F61D73FCF900BF1B46 /* QiscusImagePreview.xib */ = {isa = PBXFileReference; fileEncoding = 4; lastKnownFileType = file.xib; name = QiscusImagePreview.xib; path = Qiscus/QiscusImagePreview.xib; sourceTree = "<group>"; };
		39955B6C1D656D1700927ADD /* Media.xcassets */ = {isa = PBXFileReference; lastKnownFileType = folder.assetcatalog; name = Media.xcassets; path = Qiscus/Media.xcassets; sourceTree = "<group>"; };
		39955B721D656F0A00927ADD /* QiscusChatVC.swift */ = {isa = PBXFileReference; fileEncoding = 4; lastKnownFileType = sourcecode.swift; name = QiscusChatVC.swift; path = Qiscus/QiscusChatVC.swift; sourceTree = "<group>"; };
		39955B731D656F0A00927ADD /* QiscusChatVC.xib */ = {isa = PBXFileReference; fileEncoding = 4; lastKnownFileType = file.xib; name = QiscusChatVC.xib; path = Qiscus/QiscusChatVC.xib; sourceTree = "<group>"; };
		39955B7E1D65992200927ADD /* QiscusUIConfiguration.swift */ = {isa = PBXFileReference; fileEncoding = 4; lastKnownFileType = sourcecode.swift; name = QiscusUIConfiguration.swift; path = Qiscus/QiscusUIConfiguration.swift; sourceTree = "<group>"; };
		39955B801D65A2D900927ADD /* QAsyncImageView.framework */ = {isa = PBXFileReference; lastKnownFileType = wrapper.framework; name = QAsyncImageView.framework; path = "../../../Library/Developer/Xcode/DerivedData/Example-gfoaldkgffrxjdelneboawwkwliw/Build/Products/Debug-iphonesimulator/QAsyncImageView/QAsyncImageView.framework"; sourceTree = "<group>"; };
		39955B811D65A2D900927ADD /* QToasterSwift.framework */ = {isa = PBXFileReference; lastKnownFileType = wrapper.framework; name = QToasterSwift.framework; path = "../../../Library/Developer/Xcode/DerivedData/Example-gfoaldkgffrxjdelneboawwkwliw/Build/Products/Debug-iphonesimulator/QToasterSwift/QToasterSwift.framework"; sourceTree = "<group>"; };
		39991A5B4188A3501197772D /* Pods-Qiscus.release.xcconfig */ = {isa = PBXFileReference; includeInIndex = 1; lastKnownFileType = text.xcconfig; name = "Pods-Qiscus.release.xcconfig"; path = "Pods/Target Support Files/Pods-Qiscus/Pods-Qiscus.release.xcconfig"; sourceTree = "<group>"; };
		39AABC8A1DFA9B8E00FD3BCD /* QiscusGalleryItem.swift */ = {isa = PBXFileReference; fileEncoding = 4; lastKnownFileType = sourcecode.swift; name = QiscusGalleryItem.swift; path = Qiscus/QiscusGalleryItem.swift; sourceTree = "<group>"; };
		39E195E91DBDE3F4000DDF76 /* QReachability.swift */ = {isa = PBXFileReference; fileEncoding = 4; lastKnownFileType = sourcecode.swift; name = QReachability.swift; path = Qiscus/QReachability.swift; sourceTree = "<group>"; };
		39E195EB1DBDE4A8000DDF76 /* QiscusAsyncImageView.swift */ = {isa = PBXFileReference; fileEncoding = 4; lastKnownFileType = sourcecode.swift; name = QiscusAsyncImageView.swift; path = Qiscus/QiscusAsyncImageView.swift; sourceTree = "<group>"; };
		39E195ED1DBDE9CC000DDF76 /* QToasterConfig.swift */ = {isa = PBXFileReference; fileEncoding = 4; lastKnownFileType = sourcecode.swift; name = QToasterConfig.swift; path = Qiscus/QToasterConfig.swift; sourceTree = "<group>"; };
		39E195EE1DBDE9CC000DDF76 /* QToasterSwift.swift */ = {isa = PBXFileReference; fileEncoding = 4; lastKnownFileType = sourcecode.swift; name = QToasterSwift.swift; path = Qiscus/QToasterSwift.swift; sourceTree = "<group>"; };
		39E195EF1DBDE9CC000DDF76 /* QToasterView.swift */ = {isa = PBXFileReference; fileEncoding = 4; lastKnownFileType = sourcecode.swift; name = QToasterView.swift; path = Qiscus/QToasterView.swift; sourceTree = "<group>"; };
		39F1F6A91D3B90E200FF1C8C /* Example.app */ = {isa = PBXFileReference; explicitFileType = wrapper.application; includeInIndex = 0; path = Example.app; sourceTree = BUILT_PRODUCTS_DIR; };
		39F1F6AC1D3B90E200FF1C8C /* AppDelegate.swift */ = {isa = PBXFileReference; lastKnownFileType = sourcecode.swift; path = AppDelegate.swift; sourceTree = "<group>"; };
		39F1F6AE1D3B90E200FF1C8C /* ViewController.swift */ = {isa = PBXFileReference; lastKnownFileType = sourcecode.swift; path = ViewController.swift; sourceTree = "<group>"; };
		39F1F6B11D3B90E200FF1C8C /* Base */ = {isa = PBXFileReference; lastKnownFileType = file.storyboard; name = Base; path = Base.lproj/Main.storyboard; sourceTree = "<group>"; };
		39F1F6B61D3B90E200FF1C8C /* Assets.xcassets */ = {isa = PBXFileReference; lastKnownFileType = folder.assetcatalog; path = Assets.xcassets; sourceTree = "<group>"; };
		39F1F6B91D3B90E200FF1C8C /* Base */ = {isa = PBXFileReference; lastKnownFileType = file.storyboard; name = Base; path = Base.lproj/LaunchScreen.storyboard; sourceTree = "<group>"; };
		39F1F6BB1D3B90E200FF1C8C /* Info.plist */ = {isa = PBXFileReference; lastKnownFileType = text.plist.xml; path = Info.plist; sourceTree = "<group>"; };
		39F1F70F1D3B91E200FF1C8C /* Qiscus.framework */ = {isa = PBXFileReference; explicitFileType = wrapper.framework; includeInIndex = 0; path = Qiscus.framework; sourceTree = BUILT_PRODUCTS_DIR; };
		39F1F7131D3B91E200FF1C8C /* Info.plist */ = {isa = PBXFileReference; lastKnownFileType = text.plist.xml; path = Info.plist; sourceTree = "<group>"; };
		39F1F7301D3B92E800FF1C8C /* QiscusComment.swift */ = {isa = PBXFileReference; fileEncoding = 4; lastKnownFileType = sourcecode.swift; name = QiscusComment.swift; path = Qiscus/QiscusComment.swift; sourceTree = "<group>"; };
		39F1F7311D3B92E800FF1C8C /* QiscusFile.swift */ = {isa = PBXFileReference; fileEncoding = 4; lastKnownFileType = sourcecode.swift; name = QiscusFile.swift; path = Qiscus/QiscusFile.swift; sourceTree = "<group>"; };
		39F1F7321D3B92E800FF1C8C /* QiscusRoom.swift */ = {isa = PBXFileReference; fileEncoding = 4; lastKnownFileType = sourcecode.swift; name = QiscusRoom.swift; path = Qiscus/QiscusRoom.swift; sourceTree = "<group>"; };
		39F1F7331D3B92E800FF1C8C /* QiscusParticipant.swift */ = {isa = PBXFileReference; fileEncoding = 4; lastKnownFileType = sourcecode.swift; name = QiscusParticipant.swift; path = Qiscus/QiscusParticipant.swift; sourceTree = "<group>"; };
		39F1F7341D3B92E800FF1C8C /* QiscusTopic.swift */ = {isa = PBXFileReference; fileEncoding = 4; lastKnownFileType = sourcecode.swift; name = QiscusTopic.swift; path = Qiscus/QiscusTopic.swift; sourceTree = "<group>"; };
		39F1F7351D3B92E800FF1C8C /* QiscusUser.swift */ = {isa = PBXFileReference; fileEncoding = 4; lastKnownFileType = sourcecode.swift; name = QiscusUser.swift; path = Qiscus/QiscusUser.swift; sourceTree = "<group>"; };
		39F1F73C1D3B92F700FF1C8C /* QiscusConfig.swift */ = {isa = PBXFileReference; fileEncoding = 4; lastKnownFileType = sourcecode.swift; name = QiscusConfig.swift; path = Qiscus/QiscusConfig.swift; sourceTree = "<group>"; };
		39F1F7401D3B930700FF1C8C /* QiscusCommentClient.swift */ = {isa = PBXFileReference; fileEncoding = 4; lastKnownFileType = sourcecode.swift; name = QiscusCommentClient.swift; path = Qiscus/QiscusCommentClient.swift; sourceTree = "<group>"; };
		39F1F7421D3B931E00FF1C8C /* QPostData.swift */ = {isa = PBXFileReference; fileEncoding = 4; lastKnownFileType = sourcecode.swift; name = QPostData.swift; path = Qiscus/QPostData.swift; sourceTree = "<group>"; };
		39F1F7431D3B931E00FF1C8C /* QProgressData.swift */ = {isa = PBXFileReference; fileEncoding = 4; lastKnownFileType = sourcecode.swift; name = QProgressData.swift; path = Qiscus/QProgressData.swift; sourceTree = "<group>"; };
		39F1F7441D3B931E00FF1C8C /* QSyncNotifData.swift */ = {isa = PBXFileReference; fileEncoding = 4; lastKnownFileType = sourcecode.swift; name = QSyncNotifData.swift; path = Qiscus/QSyncNotifData.swift; sourceTree = "<group>"; };
		39F1F7481D3B932A00FF1C8C /* Qiscus.swift */ = {isa = PBXFileReference; fileEncoding = 4; lastKnownFileType = sourcecode.swift; name = Qiscus.swift; path = Qiscus/Qiscus.swift; sourceTree = "<group>"; };
		39F1F74D1D3C7B6600FF1C8C /* QCommentDelegate.swift */ = {isa = PBXFileReference; fileEncoding = 4; lastKnownFileType = sourcecode.swift; name = QCommentDelegate.swift; path = Qiscus/QCommentDelegate.swift; sourceTree = "<group>"; };
		88710D4C9FAFADF156A657F4 /* Pods_Example.framework */ = {isa = PBXFileReference; explicitFileType = wrapper.framework; includeInIndex = 0; path = Pods_Example.framework; sourceTree = BUILT_PRODUCTS_DIR; };
		98773C3A23586CB325C3DFE1 /* Pods-Example.debug.xcconfig */ = {isa = PBXFileReference; includeInIndex = 1; lastKnownFileType = text.xcconfig; name = "Pods-Example.debug.xcconfig"; path = "Pods/Target Support Files/Pods-Example/Pods-Example.debug.xcconfig"; sourceTree = "<group>"; };
		9CE65FBC6F02844B3B9F7A09 /* Pods-Example.release.xcconfig */ = {isa = PBXFileReference; includeInIndex = 1; lastKnownFileType = text.xcconfig; name = "Pods-Example.release.xcconfig"; path = "Pods/Target Support Files/Pods-Example/Pods-Example.release.xcconfig"; sourceTree = "<group>"; };
		A4527A84D23FDA5B8B32B9C1 /* Pods_Qiscus.framework */ = {isa = PBXFileReference; explicitFileType = wrapper.framework; includeInIndex = 0; path = Pods_Qiscus.framework; sourceTree = BUILT_PRODUCTS_DIR; };
		CA5D94BB0A6D9EF0C40F3934 /* Pods-Qiscus.debug.xcconfig */ = {isa = PBXFileReference; includeInIndex = 1; lastKnownFileType = text.xcconfig; name = "Pods-Qiscus.debug.xcconfig"; path = "Pods/Target Support Files/Pods-Qiscus/Pods-Qiscus.debug.xcconfig"; sourceTree = "<group>"; };
		EC54D4C4B940F9B3AB0ACC05 /* Pods_QiscusTests.framework */ = {isa = PBXFileReference; explicitFileType = wrapper.framework; includeInIndex = 0; path = Pods_QiscusTests.framework; sourceTree = BUILT_PRODUCTS_DIR; };
/* End PBXFileReference section */

/* Begin PBXFrameworksBuildPhase section */
		39F1F6A61D3B90E200FF1C8C /* Frameworks */ = {
			isa = PBXFrameworksBuildPhase;
			buildActionMask = 2147483647;
			files = (
				39F1F7241D3B91E200FF1C8C /* Qiscus.framework in Frameworks */,
				B0846505F0ABD97C0375C737 /* Pods_Example.framework in Frameworks */,
			);
			runOnlyForDeploymentPostprocessing = 0;
		};
		39F1F70B1D3B91E200FF1C8C /* Frameworks */ = {
			isa = PBXFrameworksBuildPhase;
			buildActionMask = 2147483647;
			files = (
				DCD523BA4F0FADE6223F44A5 /* Pods_Qiscus.framework in Frameworks */,
			);
			runOnlyForDeploymentPostprocessing = 0;
		};
/* End PBXFrameworksBuildPhase section */

/* Begin PBXGroup section */
		3920159E1D42512F005561C2 /* Helper */ = {
			isa = PBXGroup;
			children = (
				3920159F1D425148005561C2 /* QiscusHelper.swift */,
				39128CAD1D6C359A00C3BEA2 /* QiscusAlert.swift */,
			);
			name = Helper;
			sourceTree = "<group>";
		};
		39955B3F1D655B6700927ADD /* ViewController */ = {
			isa = PBXGroup;
			children = (
				39955B401D655C5500927ADD /* Component */,
				39955B721D656F0A00927ADD /* QiscusChatVC.swift */,
				39955B731D656F0A00927ADD /* QiscusChatVC.xib */,
			);
			name = ViewController;
			sourceTree = "<group>";
		};
		39955B401D655C5500927ADD /* Component */ = {
			isa = PBXGroup;
			children = (
				397026C81D7BD91A003D5572 /* ChatCellText.swift */,
				397026C91D7BD91A003D5572 /* ChatCellText.xib */,
				39128C991D6C357E00C3BEA2 /* ChatPreviewDocVC.swift */,
				39128C9B1D6C357E00C3BEA2 /* ChatTapRecognizer.swift */,
				39128C9C1D6C357E00C3BEA2 /* ChatInputText.swift */,
				39128C9D1D6C357E00C3BEA2 /* ChatFileButton.swift */,
				39128C9A1D6C357E00C3BEA2 /* ChatCellMedia.xib */,
				39128C9E1D6C357E00C3BEA2 /* ChatCellMedia.swift */,
				39128CA01D6C357E00C3BEA2 /* ChatCellDocs.swift */,
				39128CA21D6C357E00C3BEA2 /* ChatCellDocs.xib */,
				399418F51D73FCF900BF1B46 /* QiscusImagePreview.swift */,
				399418F61D73FCF900BF1B46 /* QiscusImagePreview.xib */,
			);
			name = Component;
			sourceTree = "<group>";
		};
		39955B5B1D65603C00927ADD /* Extension */ = {
			isa = PBXGroup;
			children = (
				39128C8F1D6C352900C3BEA2 /* UIImage.swift */,
				39128C901D6C352900C3BEA2 /* Background.swift */,
				39128C911D6C352900C3BEA2 /* UIView.swift */,
				39128C921D6C352900C3BEA2 /* NavigationBar.swift */,
				39128C931D6C352900C3BEA2 /* ViewController.swift */,
			);
			name = Extension;
			sourceTree = "<group>";
		};
		39E195E81DBDE392000DDF76 /* Library */ = {
			isa = PBXGroup;
			children = (
				392C693B1DC6F4A20095603E /* QPopUpView.swift */,
				392C693C1DC6F4A20095603E /* QPopUpView.xib */,
				39E195ED1DBDE9CC000DDF76 /* QToasterConfig.swift */,
				39E195EE1DBDE9CC000DDF76 /* QToasterSwift.swift */,
				39E195EF1DBDE9CC000DDF76 /* QToasterView.swift */,
				39E195EB1DBDE4A8000DDF76 /* QiscusAsyncImageView.swift */,
				39E195E91DBDE3F4000DDF76 /* QReachability.swift */,
			);
			name = Library;
			sourceTree = "<group>";
		};
		39F1F6A01D3B90E200FF1C8C = {
			isa = PBXGroup;
			children = (
				39F1F6AB1D3B90E200FF1C8C /* Example */,
				39F1F7101D3B91E200FF1C8C /* Qiscus */,
				39F1F6AA1D3B90E200FF1C8C /* Products */,
				D152613B40A4B1744C77978E /* Pods */,
				BE138CAFFD79F3212D8F75CE /* Frameworks */,
			);
			sourceTree = "<group>";
		};
		39F1F6AA1D3B90E200FF1C8C /* Products */ = {
			isa = PBXGroup;
			children = (
				39F1F6A91D3B90E200FF1C8C /* Example.app */,
				39F1F70F1D3B91E200FF1C8C /* Qiscus.framework */,
			);
			name = Products;
			sourceTree = "<group>";
		};
		39F1F6AB1D3B90E200FF1C8C /* Example */ = {
			isa = PBXGroup;
			children = (
				39F1F6AC1D3B90E200FF1C8C /* AppDelegate.swift */,
				39F1F6AE1D3B90E200FF1C8C /* ViewController.swift */,
				39F1F6B01D3B90E200FF1C8C /* Main.storyboard */,
				39F1F6B61D3B90E200FF1C8C /* Assets.xcassets */,
				39F1F6B81D3B90E200FF1C8C /* LaunchScreen.storyboard */,
				39F1F6BB1D3B90E200FF1C8C /* Info.plist */,
			);
			path = Example;
			sourceTree = "<group>";
		};
		39F1F7101D3B91E200FF1C8C /* Qiscus */ = {
			isa = PBXGroup;
			children = (
				39E195E81DBDE392000DDF76 /* Library */,
				39955B5B1D65603C00927ADD /* Extension */,
				39955B3F1D655B6700927ADD /* ViewController */,
				39F1F7481D3B932A00FF1C8C /* Qiscus.swift */,
				3920159E1D42512F005561C2 /* Helper */,
				39F1F74C1D3C7B4300FF1C8C /* Protocol */,
				39F1F72F1D3B92AA00FF1C8C /* Model */,
				39F1F72E1D3B929700FF1C8C /* Configuration */,
				39F1F72D1D3B928D00FF1C8C /* Service */,
				39F1F7131D3B91E200FF1C8C /* Info.plist */,
				39955B6C1D656D1700927ADD /* Media.xcassets */,
			);
			path = Qiscus;
			sourceTree = "<group>";
		};
		39F1F72D1D3B928D00FF1C8C /* Service */ = {
			isa = PBXGroup;
			children = (
				39F1F7421D3B931E00FF1C8C /* QPostData.swift */,
				39F1F7431D3B931E00FF1C8C /* QProgressData.swift */,
				39F1F7441D3B931E00FF1C8C /* QSyncNotifData.swift */,
				39F1F7401D3B930700FF1C8C /* QiscusCommentClient.swift */,
				395E08101D43A9200021370F /* QiscusPusherClient.swift */,
			);
			name = Service;
			sourceTree = "<group>";
		};
		39F1F72E1D3B929700FF1C8C /* Configuration */ = {
			isa = PBXGroup;
			children = (
				39F1F73C1D3B92F700FF1C8C /* QiscusConfig.swift */,
				39955B7E1D65992200927ADD /* QiscusUIConfiguration.swift */,
				392A525B1D7FA0910007300D /* QiscusColorConfiguration.swift */,
				392A525D1D7FA1700007300D /* QiscusTextConfiguration.swift */,
			);
			name = Configuration;
			sourceTree = "<group>";
		};
		39F1F72F1D3B92AA00FF1C8C /* Model */ = {
			isa = PBXGroup;
			children = (
				39F1F7301D3B92E800FF1C8C /* QiscusComment.swift */,
				39F1F7311D3B92E800FF1C8C /* QiscusFile.swift */,
				39F1F7321D3B92E800FF1C8C /* QiscusRoom.swift */,
				39F1F7331D3B92E800FF1C8C /* QiscusParticipant.swift */,
				39F1F7341D3B92E800FF1C8C /* QiscusTopic.swift */,
				39F1F7351D3B92E800FF1C8C /* QiscusUser.swift */,
				391B05C51D3D19D200763760 /* QiscusFileHelper.swift */,
				392A525F1D80E4660007300D /* QiscusMe.swift */,
				39AABC8A1DFA9B8E00FD3BCD /* QiscusGalleryItem.swift */,
			);
			name = Model;
			sourceTree = "<group>";
		};
		39F1F74C1D3C7B4300FF1C8C /* Protocol */ = {
			isa = PBXGroup;
			children = (
				39F1F74D1D3C7B6600FF1C8C /* QCommentDelegate.swift */,
				395E08121D43B8850021370F /* QiscusRoomDelegate.swift */,
				398511F21D69549200C48EFF /* QiscusChatCellDelegate.swift */,
				392A52611D80EF1D0007300D /* QiscusConfigDelegate.swift */,
			);
			name = Protocol;
			sourceTree = "<group>";
		};
		BE138CAFFD79F3212D8F75CE /* Frameworks */ = {
			isa = PBXGroup;
			children = (
				39955B801D65A2D900927ADD /* QAsyncImageView.framework */,
				39955B811D65A2D900927ADD /* QToasterSwift.framework */,
				A4527A84D23FDA5B8B32B9C1 /* Pods_Qiscus.framework */,
				EC54D4C4B940F9B3AB0ACC05 /* Pods_QiscusTests.framework */,
				88710D4C9FAFADF156A657F4 /* Pods_Example.framework */,
			);
			name = Frameworks;
			sourceTree = "<group>";
		};
		D152613B40A4B1744C77978E /* Pods */ = {
			isa = PBXGroup;
			children = (
				98773C3A23586CB325C3DFE1 /* Pods-Example.debug.xcconfig */,
				9CE65FBC6F02844B3B9F7A09 /* Pods-Example.release.xcconfig */,
				CA5D94BB0A6D9EF0C40F3934 /* Pods-Qiscus.debug.xcconfig */,
				39991A5B4188A3501197772D /* Pods-Qiscus.release.xcconfig */,
			);
			name = Pods;
			sourceTree = "<group>";
		};
/* End PBXGroup section */

/* Begin PBXHeadersBuildPhase section */
		39F1F70C1D3B91E200FF1C8C /* Headers */ = {
			isa = PBXHeadersBuildPhase;
			buildActionMask = 2147483647;
			files = (
				39F1F7631D3CB12800FF1C8C /* Qiscus.swift in Headers */,
				39F1F7641D3CB12800FF1C8C /* QCommentDelegate.swift in Headers */,
				39F1F7651D3CB12800FF1C8C /* QiscusComment.swift in Headers */,
				39F1F7661D3CB12800FF1C8C /* QiscusFile.swift in Headers */,
				39F1F7671D3CB12800FF1C8C /* QiscusRoom.swift in Headers */,
				39F1F7681D3CB12800FF1C8C /* QiscusParticipant.swift in Headers */,
				39F1F7691D3CB12800FF1C8C /* QiscusTopic.swift in Headers */,
				39F1F76A1D3CB12800FF1C8C /* QiscusUser.swift in Headers */,
				39F1F76B1D3CB12800FF1C8C /* QiscusConfig.swift in Headers */,
				39F1F76C1D3CB12800FF1C8C /* QPostData.swift in Headers */,
				39F1F76D1D3CB12800FF1C8C /* QProgressData.swift in Headers */,
				39F1F76E1D3CB12800FF1C8C /* QSyncNotifData.swift in Headers */,
				39F1F76F1D3CB12800FF1C8C /* QiscusCommentClient.swift in Headers */,
			);
			runOnlyForDeploymentPostprocessing = 0;
		};
/* End PBXHeadersBuildPhase section */

/* Begin PBXNativeTarget section */
		39F1F6A81D3B90E200FF1C8C /* Example */ = {
			isa = PBXNativeTarget;
			buildConfigurationList = 39F1F6D41D3B90E200FF1C8C /* Build configuration list for PBXNativeTarget "Example" */;
			buildPhases = (
				66B708A3602CA3F385EAFCDD /* [CP] Check Pods Manifest.lock */,
				39F1F6A51D3B90E200FF1C8C /* Sources */,
				39F1F6A61D3B90E200FF1C8C /* Frameworks */,
				39F1F6A71D3B90E200FF1C8C /* Resources */,
				6CBAC89EC5BE7BD1A9459502 /* [CP] Embed Pods Frameworks */,
				C33FFFD4AC05CBFAA47D24A3 /* [CP] Copy Pods Resources */,
				39F1F7291D3B91E200FF1C8C /* Embed Frameworks */,
			);
			buildRules = (
			);
			dependencies = (
				39F1F7231D3B91E200FF1C8C /* PBXTargetDependency */,
			);
			name = Example;
			productName = Example;
			productReference = 39F1F6A91D3B90E200FF1C8C /* Example.app */;
			productType = "com.apple.product-type.application";
		};
		39F1F70E1D3B91E200FF1C8C /* Qiscus */ = {
			isa = PBXNativeTarget;
			buildConfigurationList = 39F1F7261D3B91E200FF1C8C /* Build configuration list for PBXNativeTarget "Qiscus" */;
			buildPhases = (
				74625135A75F8BEDD45F537C /* [CP] Check Pods Manifest.lock */,
				39F1F70A1D3B91E200FF1C8C /* Sources */,
				39F1F70B1D3B91E200FF1C8C /* Frameworks */,
				39F1F70C1D3B91E200FF1C8C /* Headers */,
				39F1F70D1D3B91E200FF1C8C /* Resources */,
				4B8B4018C93DCE5D08EC572E /* [CP] Copy Pods Resources */,
			);
			buildRules = (
			);
			dependencies = (
			);
			name = Qiscus;
			productName = Qiscus;
			productReference = 39F1F70F1D3B91E200FF1C8C /* Qiscus.framework */;
			productType = "com.apple.product-type.framework";
		};
/* End PBXNativeTarget section */

/* Begin PBXProject section */
		39F1F6A11D3B90E200FF1C8C /* Project object */ = {
			isa = PBXProject;
			attributes = {
				LastSwiftUpdateCheck = 0730;
				LastUpgradeCheck = 0800;
				ORGANIZATIONNAME = "Ahmad Athaullah";
				TargetAttributes = {
					39F1F6A81D3B90E200FF1C8C = {
						CreatedOnToolsVersion = 7.3.1;
						DevelopmentTeam = QG8KA4P8TE;
						LastSwiftMigration = 0800;
					};
					39F1F70E1D3B91E200FF1C8C = {
						CreatedOnToolsVersion = 7.3.1;
						LastSwiftMigration = 0800;
					};
				};
			};
			buildConfigurationList = 39F1F6A41D3B90E200FF1C8C /* Build configuration list for PBXProject "Example" */;
			compatibilityVersion = "Xcode 3.2";
			developmentRegion = English;
			hasScannedForEncodings = 0;
			knownRegions = (
				en,
				Base,
			);
			mainGroup = 39F1F6A01D3B90E200FF1C8C;
			productRefGroup = 39F1F6AA1D3B90E200FF1C8C /* Products */;
			projectDirPath = "";
			projectRoot = "";
			targets = (
				39F1F6A81D3B90E200FF1C8C /* Example */,
				39F1F70E1D3B91E200FF1C8C /* Qiscus */,
			);
		};
/* End PBXProject section */

/* Begin PBXResourcesBuildPhase section */
		39F1F6A71D3B90E200FF1C8C /* Resources */ = {
			isa = PBXResourcesBuildPhase;
			buildActionMask = 2147483647;
			files = (
				39F1F6BA1D3B90E200FF1C8C /* LaunchScreen.storyboard in Resources */,
				39F1F6B71D3B90E200FF1C8C /* Assets.xcassets in Resources */,
				39F1F6B21D3B90E200FF1C8C /* Main.storyboard in Resources */,
			);
			runOnlyForDeploymentPostprocessing = 0;
		};
		39F1F70D1D3B91E200FF1C8C /* Resources */ = {
			isa = PBXResourcesBuildPhase;
			buildActionMask = 2147483647;
			files = (
				397026CB1D7BD91A003D5572 /* ChatCellText.xib in Resources */,
				39128CA41D6C357E00C3BEA2 /* ChatCellMedia.xib in Resources */,
				39128CAC1D6C357E00C3BEA2 /* ChatCellDocs.xib in Resources */,
				399418F81D73FCF900BF1B46 /* QiscusImagePreview.xib in Resources */,
				392C693E1DC6F4A20095603E /* QPopUpView.xib in Resources */,
				39955B751D656F0A00927ADD /* QiscusChatVC.xib in Resources */,
				39955B6D1D656D1700927ADD /* Media.xcassets in Resources */,
			);
			runOnlyForDeploymentPostprocessing = 0;
		};
/* End PBXResourcesBuildPhase section */

/* Begin PBXShellScriptBuildPhase section */
		4B8B4018C93DCE5D08EC572E /* [CP] Copy Pods Resources */ = {
			isa = PBXShellScriptBuildPhase;
			buildActionMask = 2147483647;
			files = (
			);
			inputPaths = (
			);
			name = "[CP] Copy Pods Resources";
			outputPaths = (
			);
			runOnlyForDeploymentPostprocessing = 0;
			shellPath = /bin/sh;
			shellScript = "\"${SRCROOT}/Pods/Target Support Files/Pods-Qiscus/Pods-Qiscus-resources.sh\"\n";
			showEnvVarsInLog = 0;
		};
		66B708A3602CA3F385EAFCDD /* [CP] Check Pods Manifest.lock */ = {
			isa = PBXShellScriptBuildPhase;
			buildActionMask = 2147483647;
			files = (
			);
			inputPaths = (
			);
			name = "[CP] Check Pods Manifest.lock";
			outputPaths = (
			);
			runOnlyForDeploymentPostprocessing = 0;
			shellPath = /bin/sh;
			shellScript = "diff \"${PODS_ROOT}/../Podfile.lock\" \"${PODS_ROOT}/Manifest.lock\" > /dev/null\nif [ $? != 0 ] ; then\n    # print error to STDERR\n    echo \"error: The sandbox is not in sync with the Podfile.lock. Run 'pod install' or update your CocoaPods installation.\" >&2\n    exit 1\nfi\n";
			showEnvVarsInLog = 0;
		};
		6CBAC89EC5BE7BD1A9459502 /* [CP] Embed Pods Frameworks */ = {
			isa = PBXShellScriptBuildPhase;
			buildActionMask = 2147483647;
			files = (
			);
			inputPaths = (
			);
			name = "[CP] Embed Pods Frameworks";
			outputPaths = (
			);
			runOnlyForDeploymentPostprocessing = 0;
			shellPath = /bin/sh;
			shellScript = "\"${SRCROOT}/Pods/Target Support Files/Pods-Example/Pods-Example-frameworks.sh\"\n";
			showEnvVarsInLog = 0;
		};
		74625135A75F8BEDD45F537C /* [CP] Check Pods Manifest.lock */ = {
			isa = PBXShellScriptBuildPhase;
			buildActionMask = 2147483647;
			files = (
			);
			inputPaths = (
			);
			name = "[CP] Check Pods Manifest.lock";
			outputPaths = (
			);
			runOnlyForDeploymentPostprocessing = 0;
			shellPath = /bin/sh;
			shellScript = "diff \"${PODS_ROOT}/../Podfile.lock\" \"${PODS_ROOT}/Manifest.lock\" > /dev/null\nif [ $? != 0 ] ; then\n    # print error to STDERR\n    echo \"error: The sandbox is not in sync with the Podfile.lock. Run 'pod install' or update your CocoaPods installation.\" >&2\n    exit 1\nfi\n";
			showEnvVarsInLog = 0;
		};
		C33FFFD4AC05CBFAA47D24A3 /* [CP] Copy Pods Resources */ = {
			isa = PBXShellScriptBuildPhase;
			buildActionMask = 2147483647;
			files = (
			);
			inputPaths = (
			);
			name = "[CP] Copy Pods Resources";
			outputPaths = (
			);
			runOnlyForDeploymentPostprocessing = 0;
			shellPath = /bin/sh;
			shellScript = "\"${SRCROOT}/Pods/Target Support Files/Pods-Example/Pods-Example-resources.sh\"\n";
			showEnvVarsInLog = 0;
		};
/* End PBXShellScriptBuildPhase section */

/* Begin PBXSourcesBuildPhase section */
		39F1F6A51D3B90E200FF1C8C /* Sources */ = {
			isa = PBXSourcesBuildPhase;
			buildActionMask = 2147483647;
			files = (
				39F1F6AF1D3B90E200FF1C8C /* ViewController.swift in Sources */,
				39F1F6AD1D3B90E200FF1C8C /* AppDelegate.swift in Sources */,
			);
			runOnlyForDeploymentPostprocessing = 0;
		};
		39F1F70A1D3B91E200FF1C8C /* Sources */ = {
			isa = PBXSourcesBuildPhase;
			buildActionMask = 2147483647;
			files = (
				39128CA71D6C357E00C3BEA2 /* ChatFileButton.swift in Sources */,
				39F1F73B1D3B92E800FF1C8C /* QiscusUser.swift in Sources */,
				395E08111D43A9200021370F /* QiscusPusherClient.swift in Sources */,
				39128CA81D6C357E00C3BEA2 /* ChatCellMedia.swift in Sources */,
				392015A01D425148005561C2 /* QiscusHelper.swift in Sources */,
				39AABC8B1DFA9B8E00FD3BCD /* QiscusGalleryItem.swift in Sources */,
				39128CA31D6C357E00C3BEA2 /* ChatPreviewDocVC.swift in Sources */,
				392A52601D80E4660007300D /* QiscusMe.swift in Sources */,
				39955B7F1D65992200927ADD /* QiscusUIConfiguration.swift in Sources */,
				39955B741D656F0A00927ADD /* QiscusChatVC.swift in Sources */,
				391B05C61D3D19D200763760 /* QiscusFileHelper.swift in Sources */,
				39F1F7451D3B931E00FF1C8C /* QPostData.swift in Sources */,
				39F1F7411D3B930700FF1C8C /* QiscusCommentClient.swift in Sources */,
				39F1F73A1D3B92E800FF1C8C /* QiscusTopic.swift in Sources */,
				397026CA1D7BD91A003D5572 /* ChatCellText.swift in Sources */,
				39128CAE1D6C359A00C3BEA2 /* QiscusAlert.swift in Sources */,
				392C693D1DC6F4A20095603E /* QPopUpView.swift in Sources */,
				39F1F7361D3B92E800FF1C8C /* QiscusComment.swift in Sources */,
				39F1F7371D3B92E800FF1C8C /* QiscusFile.swift in Sources */,
				39128C961D6C352900C3BEA2 /* UIView.swift in Sources */,
				39E195F01DBDE9CC000DDF76 /* QToasterConfig.swift in Sources */,
				392A525E1D7FA1700007300D /* QiscusTextConfiguration.swift in Sources */,
				39F1F7391D3B92E800FF1C8C /* QiscusParticipant.swift in Sources */,
				395E08131D43B8850021370F /* QiscusRoomDelegate.swift in Sources */,
				39E195EC1DBDE4A8000DDF76 /* QiscusAsyncImageView.swift in Sources */,
				39128CAA1D6C357E00C3BEA2 /* ChatCellDocs.swift in Sources */,
				39128C981D6C352900C3BEA2 /* ViewController.swift in Sources */,
				39F1F7461D3B931E00FF1C8C /* QProgressData.swift in Sources */,
				392A52621D80EF1D0007300D /* QiscusConfigDelegate.swift in Sources */,
				39128CA51D6C357E00C3BEA2 /* ChatTapRecognizer.swift in Sources */,
				39E195F11DBDE9CC000DDF76 /* QToasterSwift.swift in Sources */,
				39128CA61D6C357E00C3BEA2 /* ChatInputText.swift in Sources */,
				39128C941D6C352900C3BEA2 /* UIImage.swift in Sources */,
				399418F71D73FCF900BF1B46 /* QiscusImagePreview.swift in Sources */,
				39F1F7381D3B92E800FF1C8C /* QiscusRoom.swift in Sources */,
				39E195F21DBDE9CC000DDF76 /* QToasterView.swift in Sources */,
				398511F31D69549200C48EFF /* QiscusChatCellDelegate.swift in Sources */,
				392A525C1D7FA0910007300D /* QiscusColorConfiguration.swift in Sources */,
				39F1F73E1D3B92F700FF1C8C /* QiscusConfig.swift in Sources */,
				39F1F7471D3B931E00FF1C8C /* QSyncNotifData.swift in Sources */,
				39128C951D6C352900C3BEA2 /* Background.swift in Sources */,
				39F1F7491D3B932A00FF1C8C /* Qiscus.swift in Sources */,
				39F1F74E1D3C7B6600FF1C8C /* QCommentDelegate.swift in Sources */,
				39128C971D6C352900C3BEA2 /* NavigationBar.swift in Sources */,
				39E195EA1DBDE3F4000DDF76 /* QReachability.swift in Sources */,
			);
			runOnlyForDeploymentPostprocessing = 0;
		};
/* End PBXSourcesBuildPhase section */

/* Begin PBXTargetDependency section */
		39F1F7231D3B91E200FF1C8C /* PBXTargetDependency */ = {
			isa = PBXTargetDependency;
			target = 39F1F70E1D3B91E200FF1C8C /* Qiscus */;
			targetProxy = 39F1F7221D3B91E200FF1C8C /* PBXContainerItemProxy */;
		};
/* End PBXTargetDependency section */

/* Begin PBXVariantGroup section */
		39F1F6B01D3B90E200FF1C8C /* Main.storyboard */ = {
			isa = PBXVariantGroup;
			children = (
				39F1F6B11D3B90E200FF1C8C /* Base */,
			);
			name = Main.storyboard;
			sourceTree = "<group>";
		};
		39F1F6B81D3B90E200FF1C8C /* LaunchScreen.storyboard */ = {
			isa = PBXVariantGroup;
			children = (
				39F1F6B91D3B90E200FF1C8C /* Base */,
			);
			name = LaunchScreen.storyboard;
			sourceTree = "<group>";
		};
/* End PBXVariantGroup section */

/* Begin XCBuildConfiguration section */
		39F1F6D21D3B90E200FF1C8C /* Debug */ = {
			isa = XCBuildConfiguration;
			buildSettings = {
				ALWAYS_SEARCH_USER_PATHS = NO;
				CLANG_ANALYZER_NONNULL = YES;
				CLANG_CXX_LANGUAGE_STANDARD = "gnu++0x";
				CLANG_CXX_LIBRARY = "libc++";
				CLANG_ENABLE_MODULES = YES;
				CLANG_ENABLE_OBJC_ARC = YES;
				CLANG_WARN_BOOL_CONVERSION = YES;
				CLANG_WARN_CONSTANT_CONVERSION = YES;
				CLANG_WARN_DIRECT_OBJC_ISA_USAGE = YES_ERROR;
				CLANG_WARN_EMPTY_BODY = YES;
				CLANG_WARN_ENUM_CONVERSION = YES;
				CLANG_WARN_INFINITE_RECURSION = YES;
				CLANG_WARN_INT_CONVERSION = YES;
				CLANG_WARN_OBJC_ROOT_CLASS = YES_ERROR;
				CLANG_WARN_SUSPICIOUS_MOVE = YES;
				CLANG_WARN_UNREACHABLE_CODE = YES;
				CLANG_WARN__DUPLICATE_METHOD_MATCH = YES;
				"CODE_SIGN_IDENTITY[sdk=iphoneos*]" = "iPhone Developer";
				COPY_PHASE_STRIP = NO;
				DEBUG_INFORMATION_FORMAT = dwarf;
				ENABLE_STRICT_OBJC_MSGSEND = YES;
				ENABLE_TESTABILITY = YES;
				GCC_C_LANGUAGE_STANDARD = gnu99;
				GCC_DYNAMIC_NO_PIC = NO;
				GCC_NO_COMMON_BLOCKS = YES;
				GCC_OPTIMIZATION_LEVEL = 0;
				GCC_PREPROCESSOR_DEFINITIONS = (
					"DEBUG=1",
					"$(inherited)",
				);
				GCC_WARN_64_TO_32_BIT_CONVERSION = YES;
				GCC_WARN_ABOUT_RETURN_TYPE = YES_ERROR;
				GCC_WARN_UNDECLARED_SELECTOR = YES;
				GCC_WARN_UNINITIALIZED_AUTOS = YES_AGGRESSIVE;
				GCC_WARN_UNUSED_FUNCTION = YES;
				GCC_WARN_UNUSED_VARIABLE = YES;
				IPHONEOS_DEPLOYMENT_TARGET = 9.3;
				MTL_ENABLE_DEBUG_INFO = YES;
				ONLY_ACTIVE_ARCH = YES;
				SDKROOT = iphoneos;
				SWIFT_OPTIMIZATION_LEVEL = "-Onone";
				TARGETED_DEVICE_FAMILY = "1,2";
			};
			name = Debug;
		};
		39F1F6D31D3B90E200FF1C8C /* Release */ = {
			isa = XCBuildConfiguration;
			buildSettings = {
				ALWAYS_SEARCH_USER_PATHS = NO;
				CLANG_ANALYZER_NONNULL = YES;
				CLANG_CXX_LANGUAGE_STANDARD = "gnu++0x";
				CLANG_CXX_LIBRARY = "libc++";
				CLANG_ENABLE_MODULES = YES;
				CLANG_ENABLE_OBJC_ARC = YES;
				CLANG_WARN_BOOL_CONVERSION = YES;
				CLANG_WARN_CONSTANT_CONVERSION = YES;
				CLANG_WARN_DIRECT_OBJC_ISA_USAGE = YES_ERROR;
				CLANG_WARN_EMPTY_BODY = YES;
				CLANG_WARN_ENUM_CONVERSION = YES;
				CLANG_WARN_INFINITE_RECURSION = YES;
				CLANG_WARN_INT_CONVERSION = YES;
				CLANG_WARN_OBJC_ROOT_CLASS = YES_ERROR;
				CLANG_WARN_SUSPICIOUS_MOVE = YES;
				CLANG_WARN_UNREACHABLE_CODE = YES;
				CLANG_WARN__DUPLICATE_METHOD_MATCH = YES;
				"CODE_SIGN_IDENTITY[sdk=iphoneos*]" = "iPhone Developer";
				COPY_PHASE_STRIP = NO;
				DEBUG_INFORMATION_FORMAT = "dwarf-with-dsym";
				ENABLE_NS_ASSERTIONS = NO;
				ENABLE_STRICT_OBJC_MSGSEND = YES;
				GCC_C_LANGUAGE_STANDARD = gnu99;
				GCC_NO_COMMON_BLOCKS = YES;
				GCC_WARN_64_TO_32_BIT_CONVERSION = YES;
				GCC_WARN_ABOUT_RETURN_TYPE = YES_ERROR;
				GCC_WARN_UNDECLARED_SELECTOR = YES;
				GCC_WARN_UNINITIALIZED_AUTOS = YES_AGGRESSIVE;
				GCC_WARN_UNUSED_FUNCTION = YES;
				GCC_WARN_UNUSED_VARIABLE = YES;
				IPHONEOS_DEPLOYMENT_TARGET = 9.3;
				MTL_ENABLE_DEBUG_INFO = NO;
				SDKROOT = iphoneos;
				SWIFT_OPTIMIZATION_LEVEL = "-Owholemodule";
				TARGETED_DEVICE_FAMILY = "1,2";
				VALIDATE_PRODUCT = YES;
			};
			name = Release;
		};
		39F1F6D51D3B90E200FF1C8C /* Debug */ = {
			isa = XCBuildConfiguration;
			baseConfigurationReference = 98773C3A23586CB325C3DFE1 /* Pods-Example.debug.xcconfig */;
			buildSettings = {
				ALWAYS_EMBED_SWIFT_STANDARD_LIBRARIES = YES;
				ASSETCATALOG_COMPILER_APPICON_NAME = AppIcon;
				CODE_SIGN_IDENTITY = "iPhone Developer";
				INFOPLIST_FILE = Example/Info.plist;
				IPHONEOS_DEPLOYMENT_TARGET = 9.0;
				LD_RUNPATH_SEARCH_PATHS = "$(inherited) @executable_path/Frameworks";
				OTHER_LDFLAGS = (
					"$(inherited)",
					"-ObjC",
					"-framework",
					"\"Alamofire\"",
					"-framework",
					"\"AlamofireImage\"",
					"-framework",
					"\"ImageViewer\"",
					"-framework",
					"\"PusherSwift\"",
					"-framework",
					"\"Realm\"",
					"-framework",
					"\"RealmSwift\"",
					"-framework",
					"\"SwiftyJSON\"",
				);
				PRODUCT_BUNDLE_IDENTIFIER = com.qiscusdev.qiscusSDK;
				PRODUCT_NAME = "$(TARGET_NAME)";
				SWIFT_VERSION = 3.0;
			};
			name = Debug;
		};
		39F1F6D61D3B90E200FF1C8C /* Release */ = {
			isa = XCBuildConfiguration;
			baseConfigurationReference = 9CE65FBC6F02844B3B9F7A09 /* Pods-Example.release.xcconfig */;
			buildSettings = {
				ALWAYS_EMBED_SWIFT_STANDARD_LIBRARIES = YES;
				ASSETCATALOG_COMPILER_APPICON_NAME = AppIcon;
				CODE_SIGN_IDENTITY = "iPhone Developer";
				INFOPLIST_FILE = Example/Info.plist;
				IPHONEOS_DEPLOYMENT_TARGET = 9.0;
				LD_RUNPATH_SEARCH_PATHS = "$(inherited) @executable_path/Frameworks";
				OTHER_LDFLAGS = (
					"$(inherited)",
					"-ObjC",
					"-framework",
					"\"Alamofire\"",
					"-framework",
					"\"AlamofireImage\"",
					"-framework",
					"\"ImageViewer\"",
					"-framework",
					"\"PusherSwift\"",
					"-framework",
					"\"Realm\"",
					"-framework",
					"\"RealmSwift\"",
					"-framework",
					"\"SwiftyJSON\"",
				);
				PRODUCT_BUNDLE_IDENTIFIER = com.qiscusdev.qiscusSDK;
				PRODUCT_NAME = "$(TARGET_NAME)";
				SWIFT_VERSION = 3.0;
			};
			name = Release;
		};
		39F1F7271D3B91E200FF1C8C /* Debug */ = {
			isa = XCBuildConfiguration;
			baseConfigurationReference = CA5D94BB0A6D9EF0C40F3934 /* Pods-Qiscus.debug.xcconfig */;
			buildSettings = {
				ALWAYS_EMBED_SWIFT_STANDARD_LIBRARIES = YES;
				CLANG_ENABLE_MODULES = YES;
				"CODE_SIGN_IDENTITY[sdk=iphoneos*]" = "";
				CURRENT_PROJECT_VERSION = 1;
				DEFINES_MODULE = YES;
				DYLIB_COMPATIBILITY_VERSION = 1;
				DYLIB_CURRENT_VERSION = 1;
				DYLIB_INSTALL_NAME_BASE = "@rpath";
				INFOPLIST_FILE = Qiscus/Info.plist;
				INSTALL_PATH = "$(LOCAL_LIBRARY_DIR)/Frameworks";
				IPHONEOS_DEPLOYMENT_TARGET = 9.0;
				LD_RUNPATH_SEARCH_PATHS = "$(inherited) @executable_path/Frameworks @loader_path/Frameworks";
				OTHER_LDFLAGS = (
					"$(inherited)",
					"-ObjC",
					"-framework",
					"\"Alamofire\"",
					"-framework",
					"\"AlamofireImage\"",
					"-framework",
					"\"ImageViewer\"",
					"-framework",
					"\"PusherSwift\"",
					"-framework",
					"\"Realm\"",
					"-framework",
					"\"RealmSwift\"",
					"-framework",
					"\"SwiftyJSON\"",
				);
				PRODUCT_BUNDLE_IDENTIFIER = qiscus.Qiscus;
				PRODUCT_NAME = "$(TARGET_NAME)";
				SKIP_INSTALL = YES;
				SWIFT_OPTIMIZATION_LEVEL = "-Onone";
				SWIFT_VERSION = 3.0;
				VERSIONING_SYSTEM = "apple-generic";
				VERSION_INFO_PREFIX = "";
			};
			name = Debug;
		};
		39F1F7281D3B91E200FF1C8C /* Release */ = {
			isa = XCBuildConfiguration;
			baseConfigurationReference = 39991A5B4188A3501197772D /* Pods-Qiscus.release.xcconfig */;
			buildSettings = {
				ALWAYS_EMBED_SWIFT_STANDARD_LIBRARIES = YES;
				CLANG_ENABLE_MODULES = YES;
				"CODE_SIGN_IDENTITY[sdk=iphoneos*]" = "";
				CURRENT_PROJECT_VERSION = 1;
				DEFINES_MODULE = YES;
				DYLIB_COMPATIBILITY_VERSION = 1;
				DYLIB_CURRENT_VERSION = 1;
				DYLIB_INSTALL_NAME_BASE = "@rpath";
				INFOPLIST_FILE = Qiscus/Info.plist;
				INSTALL_PATH = "$(LOCAL_LIBRARY_DIR)/Frameworks";
				IPHONEOS_DEPLOYMENT_TARGET = 9.0;
				LD_RUNPATH_SEARCH_PATHS = "$(inherited) @executable_path/Frameworks @loader_path/Frameworks";
				OTHER_LDFLAGS = (
					"$(inherited)",
					"-ObjC",
					"-framework",
					"\"Alamofire\"",
					"-framework",
					"\"AlamofireImage\"",
					"-framework",
					"\"ImageViewer\"",
					"-framework",
					"\"PusherSwift\"",
					"-framework",
					"\"Realm\"",
					"-framework",
					"\"RealmSwift\"",
					"-framework",
					"\"SwiftyJSON\"",
				);
				PRODUCT_BUNDLE_IDENTIFIER = qiscus.Qiscus;
				PRODUCT_NAME = "$(TARGET_NAME)";
				SKIP_INSTALL = YES;
				SWIFT_VERSION = 3.0;
				VERSIONING_SYSTEM = "apple-generic";
				VERSION_INFO_PREFIX = "";
			};
			name = Release;
		};
/* End XCBuildConfiguration section */

/* Begin XCConfigurationList section */
		39F1F6A41D3B90E200FF1C8C /* Build configuration list for PBXProject "Example" */ = {
			isa = XCConfigurationList;
			buildConfigurations = (
				39F1F6D21D3B90E200FF1C8C /* Debug */,
				39F1F6D31D3B90E200FF1C8C /* Release */,
			);
			defaultConfigurationIsVisible = 0;
			defaultConfigurationName = Release;
		};
		39F1F6D41D3B90E200FF1C8C /* Build configuration list for PBXNativeTarget "Example" */ = {
			isa = XCConfigurationList;
			buildConfigurations = (
				39F1F6D51D3B90E200FF1C8C /* Debug */,
				39F1F6D61D3B90E200FF1C8C /* Release */,
			);
			defaultConfigurationIsVisible = 0;
			defaultConfigurationName = Release;
		};
		39F1F7261D3B91E200FF1C8C /* Build configuration list for PBXNativeTarget "Qiscus" */ = {
			isa = XCConfigurationList;
			buildConfigurations = (
				39F1F7271D3B91E200FF1C8C /* Debug */,
				39F1F7281D3B91E200FF1C8C /* Release */,
			);
			defaultConfigurationIsVisible = 0;
			defaultConfigurationName = Release;
		};
/* End XCConfigurationList section */
	};
	rootObject = 39F1F6A11D3B90E200FF1C8C /* Project object */;
}
